<?xml version="1.0" encoding="utf-8"?>
<Project ToolsVersion="4.0" xmlns="http://schemas.microsoft.com/developer/msbuild/2003">
  <ItemGroup>
    <ClCompile Include="Component.cpp" />
    <ClCompile Include="DUIElement.cpp" />
    <ClCompile Include="ImageList.cpp" />
    <ClCompile Include="pch.cpp" />
    <ClCompile Include="PlaylistTreeView.cpp" />
    <ClCompile Include="PlaylistUIElement.cpp" />
    <ClCompile Include="State.cpp" />
    <ClCompile Include="TitleFormat.cpp" />
    <ClCompile Include="TreeView.cpp" />
    <ClCompile Include="UIElement.cpp" />
    <ClCompile Include="Log.cpp" />
    <ClCompile Include="FolderManager.cpp" />
    <ClCompile Include="Preferences.cpp" />
    <ClCompile Include="IconList.cpp" />
    <ClCompile Include="Theme.cpp" />
    <ClCompile Include="CUIElement.cpp" />
    <ClCompile Include="DropTarget.cpp" />
  </ItemGroup>
  <ItemGroup>
    <ClInclude Include="DUIElement.h" />
    <ClInclude Include="ImageList.h" />
    <ClInclude Include="Node.h" />
    <ClInclude Include="pch.h" />
    <ClInclude Include="PlaylistTreeView.h" />
    <ClInclude Include="PlaylistUIElement.h" />
    <ClInclude Include="Resources.h" />
    <ClInclude Include="State.h" />
    <ClInclude Include="TitleFormat.h" />
    <ClInclude Include="TreeView.h" />
    <ClInclude Include="UIElement.h" />
    <ClInclude Include="Log.h" />
    <ClInclude Include="FolderManager.h" />
    <ClInclude Include="Preferences.h" />
    <ClInclude Include="IconList.h" />
    <ClInclude Include="Theme.h" />
    <ClInclude Include="EditSubclass.h" />
    <ClInclude Include="CUIElement.h" />
    <ClInclude Include="Tracker.h" />
    <ClInclude Include="DropTarget.h" />
  </ItemGroup>
  <ItemGroup>
    <None Include="README.md" />
    <None Include="cpp.hint" />
    <None Include="Build-FB2KComponent.ps1" />
    <None Include=".gitignore" />
    <None Include=".gitattributes" />
    <None Include=".editorconfig" />
    <None Include="LICENSE" />
    <None Include="docs\History.md" />
    <None Include="docs\README.md" />
  </ItemGroup>
  <ItemGroup>
    <ResourceCompile Include="Resources.rc" />
    <ResourceCompile Include="Preferences.rc" />
  </ItemGroup>
</Project>